// !$*UTF8*$!
{
	archiveVersion = 1;
	classes = {
	};
	objectVersion = 77;
	objects = {

/* Begin PBXBuildFile section */
		7460B8B32CCA4E3F00A9464B /* libc++.tbd in Frameworks */ = {isa = PBXBuildFile; fileRef = 7460B8B22CCA4E3F00A9464B /* libc++.tbd */; };
		7460B8B62CCB9B3400A9464B /* libprovelib.a in Frameworks */ = {isa = PBXBuildFile; fileRef = 7460B8B52CCB9B3400A9464B /* libprovelib.a */; };
/* End PBXBuildFile section */

/* Begin PBXContainerItemProxy section */
		74AD01EF2CC971AE0071DBA2 /* PBXContainerItemProxy */ = {
			isa = PBXContainerItemProxy;
			containerPortal = 74AD01D62CC971AD0071DBA2 /* Project object */;
			proxyType = 1;
			remoteGlobalIDString = 74AD01DD2CC971AD0071DBA2;
			remoteInfo = zzkp;
		};
		74AD01F92CC971AE0071DBA2 /* PBXContainerItemProxy */ = {
			isa = PBXContainerItemProxy;
			containerPortal = 74AD01D62CC971AD0071DBA2 /* Project object */;
			proxyType = 1;
			remoteGlobalIDString = 74AD01DD2CC971AD0071DBA2;
			remoteInfo = zzkp;
		};
/* End PBXContainerItemProxy section */

/* Begin PBXFileReference section */
		7460B8B02CCA3BBC00A9464B /* libbb3.a */ = {isa = PBXFileReference; lastKnownFileType = archive.ar; name = libbb3.a; path = adderlib/libbb3.a; sourceTree = "<group>"; };
		7460B8B22CCA4E3F00A9464B /* libc++.tbd */ = {isa = PBXFileReference; lastKnownFileType = "sourcecode.text-based-dylib-definition"; name = "libc++.tbd"; path = "usr/lib/libc++.tbd"; sourceTree = SDKROOT; };
		7460B8B52CCB9B3400A9464B /* libprovelib.a */ = {isa = PBXFileReference; lastKnownFileType = archive.ar; name = libprovelib.a; path = "provelib/target/aarch64-apple-ios/release/libprovelib.a"; sourceTree = "<group>"; };
		74AD01DE2CC971AD0071DBA2 /* zzkp.app */ = {isa = PBXFileReference; explicitFileType = wrapper.application; includeInIndex = 0; path = zzkp.app; sourceTree = BUILT_PRODUCTS_DIR; };
		74AD01EE2CC971AE0071DBA2 /* zzkpTests.xctest */ = {isa = PBXFileReference; explicitFileType = wrapper.cfbundle; includeInIndex = 0; path = zzkpTests.xctest; sourceTree = BUILT_PRODUCTS_DIR; };
		74AD01F82CC971AE0071DBA2 /* zzkpUITests.xctest */ = {isa = PBXFileReference; explicitFileType = wrapper.cfbundle; includeInIndex = 0; path = zzkpUITests.xctest; sourceTree = BUILT_PRODUCTS_DIR; };
		74AD020F2CC978420071DBA2 /* libadder.a */ = {isa = PBXFileReference; lastKnownFileType = archive.ar; name = libadder.a; path = adderlib/libadder.a; sourceTree = "<group>"; };
/* End PBXFileReference section */

/* Begin PBXFileSystemSynchronizedRootGroup section */
		74AD01E02CC971AD0071DBA2 /* zzkp */ = {
			isa = PBXFileSystemSynchronizedRootGroup;
			path = zzkp;
			sourceTree = "<group>";
		};
		74AD01F12CC971AE0071DBA2 /* zzkpTests */ = {
			isa = PBXFileSystemSynchronizedRootGroup;
			path = zzkpTests;
			sourceTree = "<group>";
		};
		74AD01FB2CC971AE0071DBA2 /* zzkpUITests */ = {
			isa = PBXFileSystemSynchronizedRootGroup;
			path = zzkpUITests;
			sourceTree = "<group>";
		};
/* End PBXFileSystemSynchronizedRootGroup section */

/* Begin PBXFrameworksBuildPhase section */
		74AD01DB2CC971AD0071DBA2 /* Frameworks */ = {
			isa = PBXFrameworksBuildPhase;
			buildActionMask = 2147483647;
			files = (
				7460B8B62CCB9B3400A9464B /* libprovelib.a in Frameworks */,
				7460B8B32CCA4E3F00A9464B /* libc++.tbd in Frameworks */,
			);
			runOnlyForDeploymentPostprocessing = 0;
		};
		74AD01EB2CC971AE0071DBA2 /* Frameworks */ = {
			isa = PBXFrameworksBuildPhase;
			buildActionMask = 2147483647;
			files = (
			);
			runOnlyForDeploymentPostprocessing = 0;
		};
		74AD01F52CC971AE0071DBA2 /* Frameworks */ = {
			isa = PBXFrameworksBuildPhase;
			buildActionMask = 2147483647;
			files = (
			);
			runOnlyForDeploymentPostprocessing = 0;
		};
/* End PBXFrameworksBuildPhase section */

/* Begin PBXGroup section */
		74AD01D52CC971AD0071DBA2 = {
			isa = PBXGroup;
			children = (
				74AD01E02CC971AD0071DBA2 /* zzkp */,
				74AD01F12CC971AE0071DBA2 /* zzkpTests */,
				74AD01FB2CC971AE0071DBA2 /* zzkpUITests */,
				74AD020E2CC978420071DBA2 /* Frameworks */,
				74AD01DF2CC971AD0071DBA2 /* Products */,
			);
			sourceTree = "<group>";
		};
		74AD01DF2CC971AD0071DBA2 /* Products */ = {
			isa = PBXGroup;
			children = (
				74AD01DE2CC971AD0071DBA2 /* zzkp.app */,
				74AD01EE2CC971AE0071DBA2 /* zzkpTests.xctest */,
				74AD01F82CC971AE0071DBA2 /* zzkpUITests.xctest */,
			);
			name = Products;
			sourceTree = "<group>";
		};
		74AD020E2CC978420071DBA2 /* Frameworks */ = {
			isa = PBXGroup;
			children = (
				7460B8B52CCB9B3400A9464B /* libprovelib.a */,
				7460B8B22CCA4E3F00A9464B /* libc++.tbd */,
				7460B8B02CCA3BBC00A9464B /* libbb3.a */,
				74AD020F2CC978420071DBA2 /* libadder.a */,
			);
			name = Frameworks;
			sourceTree = "<group>";
		};
/* End PBXGroup section */

/* Begin PBXNativeTarget section */
		74AD01DD2CC971AD0071DBA2 /* zzkp */ = {
			isa = PBXNativeTarget;
			buildConfigurationList = 74AD02022CC971AE0071DBA2 /* Build configuration list for PBXNativeTarget "zzkp" */;
			buildPhases = (
				7460B8B42CCB9A6B00A9464B /* ShellScript */,
				74AD01DA2CC971AD0071DBA2 /* Sources */,
				74AD01DB2CC971AD0071DBA2 /* Frameworks */,
				74AD01DC2CC971AD0071DBA2 /* Resources */,
			);
			buildRules = (
			);
			dependencies = (
			);
			fileSystemSynchronizedGroups = (
				74AD01E02CC971AD0071DBA2 /* zzkp */,
			);
			name = zzkp;
			packageProductDependencies = (
			);
			productName = zzkp;
			productReference = 74AD01DE2CC971AD0071DBA2 /* zzkp.app */;
			productType = "com.apple.product-type.application";
		};
		74AD01ED2CC971AE0071DBA2 /* zzkpTests */ = {
			isa = PBXNativeTarget;
			buildConfigurationList = 74AD02052CC971AE0071DBA2 /* Build configuration list for PBXNativeTarget "zzkpTests" */;
			buildPhases = (
				74AD01EA2CC971AE0071DBA2 /* Sources */,
				74AD01EB2CC971AE0071DBA2 /* Frameworks */,
				74AD01EC2CC971AE0071DBA2 /* Resources */,
			);
			buildRules = (
			);
			dependencies = (
				74AD01F02CC971AE0071DBA2 /* PBXTargetDependency */,
			);
			fileSystemSynchronizedGroups = (
				74AD01F12CC971AE0071DBA2 /* zzkpTests */,
			);
			name = zzkpTests;
			packageProductDependencies = (
			);
			productName = zzkpTests;
			productReference = 74AD01EE2CC971AE0071DBA2 /* zzkpTests.xctest */;
			productType = "com.apple.product-type.bundle.unit-test";
		};
		74AD01F72CC971AE0071DBA2 /* zzkpUITests */ = {
			isa = PBXNativeTarget;
			buildConfigurationList = 74AD02082CC971AE0071DBA2 /* Build configuration list for PBXNativeTarget "zzkpUITests" */;
			buildPhases = (
				74AD01F42CC971AE0071DBA2 /* Sources */,
				74AD01F52CC971AE0071DBA2 /* Frameworks */,
				74AD01F62CC971AE0071DBA2 /* Resources */,
			);
			buildRules = (
			);
			dependencies = (
				74AD01FA2CC971AE0071DBA2 /* PBXTargetDependency */,
			);
			fileSystemSynchronizedGroups = (
				74AD01FB2CC971AE0071DBA2 /* zzkpUITests */,
			);
			name = zzkpUITests;
			packageProductDependencies = (
			);
			productName = zzkpUITests;
			productReference = 74AD01F82CC971AE0071DBA2 /* zzkpUITests.xctest */;
			productType = "com.apple.product-type.bundle.ui-testing";
		};
/* End PBXNativeTarget section */

/* Begin PBXProject section */
		74AD01D62CC971AD0071DBA2 /* Project object */ = {
			isa = PBXProject;
			attributes = {
				BuildIndependentTargetsInParallel = 1;
				LastSwiftUpdateCheck = 1600;
				LastUpgradeCheck = 1600;
				TargetAttributes = {
					74AD01DD2CC971AD0071DBA2 = {
						CreatedOnToolsVersion = 16.0;
					};
					74AD01ED2CC971AE0071DBA2 = {
						CreatedOnToolsVersion = 16.0;
						TestTargetID = 74AD01DD2CC971AD0071DBA2;
					};
					74AD01F72CC971AE0071DBA2 = {
						CreatedOnToolsVersion = 16.0;
						TestTargetID = 74AD01DD2CC971AD0071DBA2;
					};
				};
			};
			buildConfigurationList = 74AD01D92CC971AD0071DBA2 /* Build configuration list for PBXProject "zzkp" */;
			developmentRegion = en;
			hasScannedForEncodings = 0;
			knownRegions = (
				en,
				Base,
			);
			mainGroup = 74AD01D52CC971AD0071DBA2;
			minimizedProjectReferenceProxies = 1;
			preferredProjectObjectVersion = 77;
			productRefGroup = 74AD01DF2CC971AD0071DBA2 /* Products */;
			projectDirPath = "";
			projectRoot = "";
			targets = (
				74AD01DD2CC971AD0071DBA2 /* zzkp */,
				74AD01ED2CC971AE0071DBA2 /* zzkpTests */,
				74AD01F72CC971AE0071DBA2 /* zzkpUITests */,
			);
		};
/* End PBXProject section */

/* Begin PBXResourcesBuildPhase section */
		74AD01DC2CC971AD0071DBA2 /* Resources */ = {
			isa = PBXResourcesBuildPhase;
			buildActionMask = 2147483647;
			files = (
			);
			runOnlyForDeploymentPostprocessing = 0;
		};
		74AD01EC2CC971AE0071DBA2 /* Resources */ = {
			isa = PBXResourcesBuildPhase;
			buildActionMask = 2147483647;
			files = (
			);
			runOnlyForDeploymentPostprocessing = 0;
		};
		74AD01F62CC971AE0071DBA2 /* Resources */ = {
			isa = PBXResourcesBuildPhase;
			buildActionMask = 2147483647;
			files = (
			);
			runOnlyForDeploymentPostprocessing = 0;
		};
/* End PBXResourcesBuildPhase section */

/* Begin PBXShellScriptBuildPhase section */
		7460B8B42CCB9A6B00A9464B /* ShellScript */ = {
			isa = PBXShellScriptBuildPhase;
			buildActionMask = 2147483647;
			files = (
			);
			inputFileListPaths = (
			);
			inputPaths = (
			);
			outputFileListPaths = (
			);
			outputPaths = (
			);
			runOnlyForDeploymentPostprocessing = 0;
			shellPath = /bin/sh;
			shellScript = "set\n\necho \"SRCROOT=${SRCROOT}\"\n\n# Type a script or drag a script file from your workspace to insert its path.\ncd \"${SRCROOT}/provelib\"\n\npwd\n\nexport PATH=\"$HOME/.cargo/bin:$PATH\"\n\n# cargo build --target aarch64-apple-ios --release -p provelib\n";
		};
/* End PBXShellScriptBuildPhase section */

/* Begin PBXSourcesBuildPhase section */
		74AD01DA2CC971AD0071DBA2 /* Sources */ = {
			isa = PBXSourcesBuildPhase;
			buildActionMask = 2147483647;
			files = (
			);
			runOnlyForDeploymentPostprocessing = 0;
		};
		74AD01EA2CC971AE0071DBA2 /* Sources */ = {
			isa = PBXSourcesBuildPhase;
			buildActionMask = 2147483647;
			files = (
			);
			runOnlyForDeploymentPostprocessing = 0;
		};
		74AD01F42CC971AE0071DBA2 /* Sources */ = {
			isa = PBXSourcesBuildPhase;
			buildActionMask = 2147483647;
			files = (
			);
			runOnlyForDeploymentPostprocessing = 0;
		};
/* End PBXSourcesBuildPhase section */

/* Begin PBXTargetDependency section */
		74AD01F02CC971AE0071DBA2 /* PBXTargetDependency */ = {
			isa = PBXTargetDependency;
			target = 74AD01DD2CC971AD0071DBA2 /* zzkp */;
			targetProxy = 74AD01EF2CC971AE0071DBA2 /* PBXContainerItemProxy */;
		};
		74AD01FA2CC971AE0071DBA2 /* PBXTargetDependency */ = {
			isa = PBXTargetDependency;
			target = 74AD01DD2CC971AD0071DBA2 /* zzkp */;
			targetProxy = 74AD01F92CC971AE0071DBA2 /* PBXContainerItemProxy */;
		};
/* End PBXTargetDependency section */

/* Begin XCBuildConfiguration section */
		74AD02002CC971AE0071DBA2 /* Debug */ = {
			isa = XCBuildConfiguration;
			buildSettings = {
				ALWAYS_SEARCH_USER_PATHS = NO;
				ASSETCATALOG_COMPILER_GENERATE_SWIFT_ASSET_SYMBOL_EXTENSIONS = YES;
				CLANG_ANALYZER_NONNULL = YES;
				CLANG_ANALYZER_NUMBER_OBJECT_CONVERSION = YES_AGGRESSIVE;
				CLANG_CXX_LANGUAGE_STANDARD = "gnu++20";
				CLANG_ENABLE_MODULES = YES;
				CLANG_ENABLE_OBJC_ARC = YES;
				CLANG_ENABLE_OBJC_WEAK = YES;
				CLANG_WARN_BLOCK_CAPTURE_AUTORELEASING = YES;
				CLANG_WARN_BOOL_CONVERSION = YES;
				CLANG_WARN_COMMA = YES;
				CLANG_WARN_CONSTANT_CONVERSION = YES;
				CLANG_WARN_DEPRECATED_OBJC_IMPLEMENTATIONS = YES;
				CLANG_WARN_DIRECT_OBJC_ISA_USAGE = YES_ERROR;
				CLANG_WARN_DOCUMENTATION_COMMENTS = YES;
				CLANG_WARN_EMPTY_BODY = YES;
				CLANG_WARN_ENUM_CONVERSION = YES;
				CLANG_WARN_INFINITE_RECURSION = YES;
				CLANG_WARN_INT_CONVERSION = YES;
				CLANG_WARN_NON_LITERAL_NULL_CONVERSION = YES;
				CLANG_WARN_OBJC_IMPLICIT_RETAIN_SELF = YES;
				CLANG_WARN_OBJC_LITERAL_CONVERSION = YES;
				CLANG_WARN_OBJC_ROOT_CLASS = YES_ERROR;
				CLANG_WARN_QUOTED_INCLUDE_IN_FRAMEWORK_HEADER = YES;
				CLANG_WARN_RANGE_LOOP_ANALYSIS = YES;
				CLANG_WARN_STRICT_PROTOTYPES = YES;
				CLANG_WARN_SUSPICIOUS_MOVE = YES;
				CLANG_WARN_UNGUARDED_AVAILABILITY = YES_AGGRESSIVE;
				CLANG_WARN_UNREACHABLE_CODE = YES;
				CLANG_WARN__DUPLICATE_METHOD_MATCH = YES;
				COPY_PHASE_STRIP = NO;
				DEBUG_INFORMATION_FORMAT = dwarf;
				ENABLE_STRICT_OBJC_MSGSEND = YES;
				ENABLE_TESTABILITY = YES;
				ENABLE_USER_SCRIPT_SANDBOXING = YES;
				GCC_C_LANGUAGE_STANDARD = gnu17;
				GCC_DYNAMIC_NO_PIC = NO;
				GCC_NO_COMMON_BLOCKS = YES;
				GCC_OPTIMIZATION_LEVEL = 0;
				GCC_PREPROCESSOR_DEFINITIONS = (
					"DEBUG=1",
					"$(inherited)",
				);
				GCC_WARN_64_TO_32_BIT_CONVERSION = YES;
				GCC_WARN_ABOUT_RETURN_TYPE = YES_ERROR;
				GCC_WARN_UNDECLARED_SELECTOR = YES;
				GCC_WARN_UNINITIALIZED_AUTOS = YES_AGGRESSIVE;
				GCC_WARN_UNUSED_FUNCTION = YES;
				GCC_WARN_UNUSED_VARIABLE = YES;
				IPHONEOS_DEPLOYMENT_TARGET = 18.0;
				LOCALIZATION_PREFERS_STRING_CATALOGS = YES;
				MTL_ENABLE_DEBUG_INFO = INCLUDE_SOURCE;
				MTL_FAST_MATH = YES;
				ONLY_ACTIVE_ARCH = YES;
				SDKROOT = iphoneos;
				SWIFT_ACTIVE_COMPILATION_CONDITIONS = "DEBUG $(inherited)";
				SWIFT_OPTIMIZATION_LEVEL = "-Onone";
			};
			name = Debug;
		};
		74AD02012CC971AE0071DBA2 /* Release */ = {
			isa = XCBuildConfiguration;
			buildSettings = {
				ALWAYS_SEARCH_USER_PATHS = NO;
				ASSETCATALOG_COMPILER_GENERATE_SWIFT_ASSET_SYMBOL_EXTENSIONS = YES;
				CLANG_ANALYZER_NONNULL = YES;
				CLANG_ANALYZER_NUMBER_OBJECT_CONVERSION = YES_AGGRESSIVE;
				CLANG_CXX_LANGUAGE_STANDARD = "gnu++20";
				CLANG_ENABLE_MODULES = YES;
				CLANG_ENABLE_OBJC_ARC = YES;
				CLANG_ENABLE_OBJC_WEAK = YES;
				CLANG_WARN_BLOCK_CAPTURE_AUTORELEASING = YES;
				CLANG_WARN_BOOL_CONVERSION = YES;
				CLANG_WARN_COMMA = YES;
				CLANG_WARN_CONSTANT_CONVERSION = YES;
				CLANG_WARN_DEPRECATED_OBJC_IMPLEMENTATIONS = YES;
				CLANG_WARN_DIRECT_OBJC_ISA_USAGE = YES_ERROR;
				CLANG_WARN_DOCUMENTATION_COMMENTS = YES;
				CLANG_WARN_EMPTY_BODY = YES;
				CLANG_WARN_ENUM_CONVERSION = YES;
				CLANG_WARN_INFINITE_RECURSION = YES;
				CLANG_WARN_INT_CONVERSION = YES;
				CLANG_WARN_NON_LITERAL_NULL_CONVERSION = YES;
				CLANG_WARN_OBJC_IMPLICIT_RETAIN_SELF = YES;
				CLANG_WARN_OBJC_LITERAL_CONVERSION = YES;
				CLANG_WARN_OBJC_ROOT_CLASS = YES_ERROR;
				CLANG_WARN_QUOTED_INCLUDE_IN_FRAMEWORK_HEADER = YES;
				CLANG_WARN_RANGE_LOOP_ANALYSIS = YES;
				CLANG_WARN_STRICT_PROTOTYPES = YES;
				CLANG_WARN_SUSPICIOUS_MOVE = YES;
				CLANG_WARN_UNGUARDED_AVAILABILITY = YES_AGGRESSIVE;
				CLANG_WARN_UNREACHABLE_CODE = YES;
				CLANG_WARN__DUPLICATE_METHOD_MATCH = YES;
				COPY_PHASE_STRIP = NO;
				DEBUG_INFORMATION_FORMAT = "dwarf-with-dsym";
				ENABLE_NS_ASSERTIONS = NO;
				ENABLE_STRICT_OBJC_MSGSEND = YES;
				ENABLE_USER_SCRIPT_SANDBOXING = YES;
				GCC_C_LANGUAGE_STANDARD = gnu17;
				GCC_NO_COMMON_BLOCKS = YES;
				GCC_WARN_64_TO_32_BIT_CONVERSION = YES;
				GCC_WARN_ABOUT_RETURN_TYPE = YES_ERROR;
				GCC_WARN_UNDECLARED_SELECTOR = YES;
				GCC_WARN_UNINITIALIZED_AUTOS = YES_AGGRESSIVE;
				GCC_WARN_UNUSED_FUNCTION = YES;
				GCC_WARN_UNUSED_VARIABLE = YES;
				IPHONEOS_DEPLOYMENT_TARGET = 18.0;
				LOCALIZATION_PREFERS_STRING_CATALOGS = YES;
				MTL_ENABLE_DEBUG_INFO = NO;
				MTL_FAST_MATH = YES;
				SDKROOT = iphoneos;
				SWIFT_COMPILATION_MODE = wholemodule;
				VALIDATE_PRODUCT = YES;
			};
			name = Release;
		};
		74AD02032CC971AE0071DBA2 /* Debug */ = {
			isa = XCBuildConfiguration;
			buildSettings = {
				ASSETCATALOG_COMPILER_APPICON_NAME = AppIcon;
				ASSETCATALOG_COMPILER_GLOBAL_ACCENT_COLOR_NAME = AccentColor;
				CODE_SIGN_STYLE = Automatic;
				CURRENT_PROJECT_VERSION = 1;
				DEVELOPMENT_ASSET_PATHS = "\"zzkp/Preview Content\"";
				DEVELOPMENT_TEAM = 82V2QZJ7R6;
				ENABLE_PREVIEWS = YES;
				GENERATE_INFOPLIST_FILE = YES;
				"HEADER_SEARCH_PATHS[arch=*]" = "";
				INFOPLIST_KEY_UIApplicationSceneManifest_Generation = YES;
				INFOPLIST_KEY_UIApplicationSupportsIndirectInputEvents = YES;
				INFOPLIST_KEY_UILaunchScreen_Generation = YES;
				INFOPLIST_KEY_UISupportedInterfaceOrientations_iPad = "UIInterfaceOrientationPortrait UIInterfaceOrientationPortraitUpsideDown UIInterfaceOrientationLandscapeLeft UIInterfaceOrientationLandscapeRight";
				INFOPLIST_KEY_UISupportedInterfaceOrientations_iPhone = "UIInterfaceOrientationPortrait UIInterfaceOrientationLandscapeLeft UIInterfaceOrientationLandscapeRight";
				LD_RUNPATH_SEARCH_PATHS = (
					"$(inherited)",
					"@executable_path/Frameworks",
				);
				LIBRARY_SEARCH_PATHS = (
					"$(inherited)",
					"$(PROJECT_DIR)/provelib/target/aarch64-apple-ios/release",
				);
				MARKETING_VERSION = 1.0;
				PRODUCT_BUNDLE_IDENTIFIER = org.my.zzkp;
				PRODUCT_NAME = "$(TARGET_NAME)";
				SWIFT_EMIT_LOC_STRINGS = YES;
				"SWIFT_OBJC_BRIDGING_HEADER[arch=*]" = "zzkp/zzkp-Bridging-Header.h";
				SWIFT_VERSION = 5.0;
				TARGETED_DEVICE_FAMILY = "1,2";
			};
			name = Debug;
		};
		74AD02042CC971AE0071DBA2 /* Release */ = {
			isa = XCBuildConfiguration;
			buildSettings = {
				ASSETCATALOG_COMPILER_APPICON_NAME = AppIcon;
				ASSETCATALOG_COMPILER_GLOBAL_ACCENT_COLOR_NAME = AccentColor;
				CODE_SIGN_STYLE = Automatic;
				CURRENT_PROJECT_VERSION = 1;
				DEVELOPMENT_ASSET_PATHS = "\"zzkp/Preview Content\"";
				DEVELOPMENT_TEAM = 82V2QZJ7R6;
				ENABLE_PREVIEWS = YES;
				GENERATE_INFOPLIST_FILE = YES;
				INFOPLIST_KEY_UIApplicationSceneManifest_Generation = YES;
				INFOPLIST_KEY_UIApplicationSupportsIndirectInputEvents = YES;
				INFOPLIST_KEY_UILaunchScreen_Generation = YES;
				INFOPLIST_KEY_UISupportedInterfaceOrientations_iPad = "UIInterfaceOrientationPortrait UIInterfaceOrientationPortraitUpsideDown UIInterfaceOrientationLandscapeLeft UIInterfaceOrientationLandscapeRight";
				INFOPLIST_KEY_UISupportedInterfaceOrientations_iPhone = "UIInterfaceOrientationPortrait UIInterfaceOrientationLandscapeLeft UIInterfaceOrientationLandscapeRight";
				LD_RUNPATH_SEARCH_PATHS = (
					"$(inherited)",
					"@executable_path/Frameworks",
				);
				LIBRARY_SEARCH_PATHS = (
					"$(inherited)",
					"$(PROJECT_DIR)/provelib/target/aarch64-apple-ios/release",
				);
				MARKETING_VERSION = 1.0;
				PRODUCT_BUNDLE_IDENTIFIER = org.my.zzkp;
				PRODUCT_NAME = "$(TARGET_NAME)";
				SWIFT_EMIT_LOC_STRINGS = YES;
				SWIFT_VERSION = 5.0;
				TARGETED_DEVICE_FAMILY = "1,2";
			};
			name = Release;
		};
		74AD02062CC971AE0071DBA2 /* Debug */ = {
			isa = XCBuildConfiguration;
			buildSettings = {
				BUNDLE_LOADER = "$(TEST_HOST)";
				CODE_SIGN_STYLE = Automatic;
				CURRENT_PROJECT_VERSION = 1;
				DEVELOPMENT_TEAM = 82V2QZJ7R6;
				GENERATE_INFOPLIST_FILE = YES;
				IPHONEOS_DEPLOYMENT_TARGET = 18.0;
				MARKETING_VERSION = 1.0;
				PRODUCT_BUNDLE_IDENTIFIER = org.my.zzkpTests;
				PRODUCT_NAME = "$(TARGET_NAME)";
				SWIFT_EMIT_LOC_STRINGS = NO;
				SWIFT_VERSION = 5.0;
				TARGETED_DEVICE_FAMILY = "1,2";
				TEST_HOST = "$(BUILT_PRODUCTS_DIR)/zzkp.app/$(BUNDLE_EXECUTABLE_FOLDER_PATH)/zzkp";
			};
			name = Debug;
		};
		74AD02072CC971AE0071DBA2 /* Release */ = {
			isa = XCBuildConfiguration;
			buildSettings = {
				BUNDLE_LOADER = "$(TEST_HOST)";
				CODE_SIGN_STYLE = Automatic;
				CURRENT_PROJECT_VERSION = 1;
				DEVELOPMENT_TEAM = 82V2QZJ7R6;
				GENERATE_INFOPLIST_FILE = YES;
				IPHONEOS_DEPLOYMENT_TARGET = 18.0;
				MARKETING_VERSION = 1.0;
				PRODUCT_BUNDLE_IDENTIFIER = org.my.zzkpTests;
				PRODUCT_NAME = "$(TARGET_NAME)";
				SWIFT_EMIT_LOC_STRINGS = NO;
				SWIFT_VERSION = 5.0;
				TARGETED_DEVICE_FAMILY = "1,2";
				TEST_HOST = "$(BUILT_PRODUCTS_DIR)/zzkp.app/$(BUNDLE_EXECUTABLE_FOLDER_PATH)/zzkp";
			};
			name = Release;
		};
		74AD02092CC971AE0071DBA2 /* Debug */ = {
			isa = XCBuildConfiguration;
			buildSettings = {
				CODE_SIGN_STYLE = Automatic;
				CURRENT_PROJECT_VERSION = 1;
				DEVELOPMENT_TEAM = 82V2QZJ7R6;
				GENERATE_INFOPLIST_FILE = YES;
				MARKETING_VERSION = 1.0;
				PRODUCT_BUNDLE_IDENTIFIER = org.my.zzkpUITests;
				PRODUCT_NAME = "$(TARGET_NAME)";
				SWIFT_EMIT_LOC_STRINGS = NO;
				SWIFT_VERSION = 5.0;
				TARGETED_DEVICE_FAMILY = "1,2";
				TEST_TARGET_NAME = zzkp;
			};
			name = Debug;
		};
		74AD020A2CC971AE0071DBA2 /* Release */ = {
			isa = XCBuildConfiguration;
			buildSettings = {
				CODE_SIGN_STYLE = Automatic;
				CURRENT_PROJECT_VERSION = 1;
				DEVELOPMENT_TEAM = 82V2QZJ7R6;
				GENERATE_INFOPLIST_FILE = YES;
				MARKETING_VERSION = 1.0;
				PRODUCT_BUNDLE_IDENTIFIER = org.my.zzkpUITests;
				PRODUCT_NAME = "$(TARGET_NAME)";
				SWIFT_EMIT_LOC_STRINGS = NO;
				SWIFT_VERSION = 5.0;
				TARGETED_DEVICE_FAMILY = "1,2";
				TEST_TARGET_NAME = zzkp;
			};
			name = Release;
		};
/* End XCBuildConfiguration section */

/* Begin XCConfigurationList section */
		74AD01D92CC971AD0071DBA2 /* Build configuration list for PBXProject "zzkp" */ = {
			isa = XCConfigurationList;
			buildConfigurations = (
				74AD02002CC971AE0071DBA2 /* Debug */,
				74AD02012CC971AE0071DBA2 /* Release */,
			);
			defaultConfigurationIsVisible = 0;
			defaultConfigurationName = Release;
		};
		74AD02022CC971AE0071DBA2 /* Build configuration list for PBXNativeTarget "zzkp" */ = {
			isa = XCConfigurationList;
			buildConfigurations = (
				74AD02032CC971AE0071DBA2 /* Debug */,
				74AD02042CC971AE0071DBA2 /* Release */,
			);
			defaultConfigurationIsVisible = 0;
			defaultConfigurationName = Release;
		};
		74AD02052CC971AE0071DBA2 /* Build configuration list for PBXNativeTarget "zzkpTests" */ = {
			isa = XCConfigurationList;
			buildConfigurations = (
				74AD02062CC971AE0071DBA2 /* Debug */,
				74AD02072CC971AE0071DBA2 /* Release */,
			);
			defaultConfigurationIsVisible = 0;
			defaultConfigurationName = Release;
		};
		74AD02082CC971AE0071DBA2 /* Build configuration list for PBXNativeTarget "zzkpUITests" */ = {
			isa = XCConfigurationList;
			buildConfigurations = (
				74AD02092CC971AE0071DBA2 /* Debug */,
				74AD020A2CC971AE0071DBA2 /* Release */,
			);
			defaultConfigurationIsVisible = 0;
			defaultConfigurationName = Release;
		};
/* End XCConfigurationList section */
	};
	rootObject = 74AD01D62CC971AD0071DBA2 /* Project object */;
}
